{"version":4,"terraform_version":"1.11.5","serial":31,"lineage":"b91f9f96-5e14-087a-3d30-8f0d17b8d3fe","outputs":{"api_key":{"value":"123bar","type":"string","sensitive":true},"application_name":{"value":"marksblog","type":"string"},"environment_name":{"value":"prod","type":"string"},"environment_prefix":{"value":"marksblog-prod-hbut2h","type":"string"},"kind":{"value":"P","type":"string"},"primary_region":{"value":"westus","type":"string"},"primary_region_instance_count":{"value":"4","type":"string"},"regionA":{"value":"foo","type":"string"},"regionB":{"value":"bar","type":"string"},"suffix":{"value":"hbut2h","type":"string"}},"resources":[{"mode":"managed","type":"random_string","name":"suffix","provider":"provider[\"registry.opentofu.org/hashicorp/random\"]","instances":[{"schema_version":2,"attributes":{"id":"hbut2h","keepers":null,"length":6,"lower":true,"min_lower":0,"min_numeric":0,"min_special":0,"min_upper":0,"number":true,"numeric":true,"override_special":null,"result":"hbut2h","special":false,"upper":false},"sensitive_attributes":[]}]},{"module":"module.region_stamps[\"bar\"]","mode":"managed","type":"random_string","name":"virtual_machines","provider":"provider[\"registry.opentofu.org/hashicorp/random\"]","instances":[{"schema_version":2,"attributes":{"id":"kbcfaaxs4u","keepers":null,"length":10,"lower":true,"min_lower":0,"min_numeric":0,"min_special":0,"min_upper":0,"number":true,"numeric":true,"override_special":null,"result":"kbcfaaxs4u","special":false,"upper":false},"sensitive_attributes":[]}]},{"module":"module.region_stamps[\"foo\"]","mode":"managed","type":"random_string","name":"virtual_machines","provider":"provider[\"registry.opentofu.org/hashicorp/random\"]","instances":[{"schema_version":2,"attributes":{"id":"44qv27ovku","keepers":null,"length":10,"lower":true,"min_lower":0,"min_numeric":0,"min_special":0,"min_upper":0,"number":true,"numeric":true,"override_special":null,"result":"44qv27ovku","special":false,"upper":false},"sensitive_attributes":[]}]}],"check_results":[{"object_kind":"var","config_addr":"var.application_name","status":"pass","objects":[{"object_addr":"var.application_name","status":"pass"}]},{"object_kind":"var","config_addr":"var.instance_count","status":"pass","objects":[{"object_addr":"var.instance_count","status":"pass"}]}]}
