{"version":4,"terraform_version":"1.11.4","serial":24,"lineage":"b91f9f96-5e14-087a-3d30-8f0d17b8d3fe","outputs":{"alpha":{"value":"Application config output: u:nxYurq","type":"string"},"api_key":{"value":"prdelbar","type":"string","sensitive":true},"application_name":{"value":"marksblog","type":"string"},"bravo":{"value":"Application config output: X!hsEZF=","type":"string"},"environment_name":{"value":"prod","type":"string"},"environment_prefix":{"value":"marksblog-prod-hbut2h","type":"string"},"kind":{"value":"P","type":"string"},"primary_region":{"value":"westus","type":"string"},"primary_region_instance_count":{"value":"4","type":"string"},"suffix":{"value":"hbut2h","type":"string"}},"resources":[{"mode":"managed","type":"random_string","name":"list","provider":"provider[\"registry.opentofu.org/hashicorp/random\"]","instances":[{"index_key":0,"schema_version":2,"attributes":{"id":"ayimxj","keepers":null,"length":6,"lower":true,"min_lower":0,"min_numeric":0,"min_special":0,"min_upper":0,"number":true,"numeric":true,"override_special":null,"result":"ayimxj","special":false,"upper":false},"sensitive_attributes":[]},{"index_key":1,"schema_version":2,"attributes":{"id":"hfigj0","keepers":null,"length":6,"lower":true,"min_lower":0,"min_numeric":0,"min_special":0,"min_upper":0,"number":true,"numeric":true,"override_special":null,"result":"hfigj0","special":false,"upper":false},"sensitive_attributes":[]},{"index_key":2,"schema_version":2,"attributes":{"id":"7ggtne","keepers":null,"length":6,"lower":true,"min_lower":0,"min_numeric":0,"min_special":0,"min_upper":0,"number":true,"numeric":true,"override_special":null,"result":"7ggtne","special":false,"upper":false},"sensitive_attributes":[]}]},{"mode":"managed","type":"random_string","name":"map","provider":"provider[\"registry.opentofu.org/hashicorp/random\"]","instances":[{"index_key":"eastus","schema_version":2,"attributes":{"id":"ev5sj2","keepers":null,"length":6,"lower":true,"min_lower":0,"min_numeric":0,"min_special":0,"min_upper":0,"number":true,"numeric":true,"override_special":null,"result":"ev5sj2","special":false,"upper":false},"sensitive_attributes":[]},{"index_key":"westus","schema_version":2,"attributes":{"id":"ky8xek","keepers":null,"length":6,"lower":true,"min_lower":0,"min_numeric":0,"min_special":0,"min_upper":0,"number":true,"numeric":true,"override_special":null,"result":"ky8xek","special":false,"upper":false},"sensitive_attributes":[]}]},{"mode":"managed","type":"random_string","name":"suffix","provider":"provider[\"registry.opentofu.org/hashicorp/random\"]","instances":[{"schema_version":2,"attributes":{"id":"hbut2h","keepers":null,"length":6,"lower":true,"min_lower":0,"min_numeric":0,"min_special":0,"min_upper":0,"number":true,"numeric":true,"override_special":null,"result":"hbut2h","special":false,"upper":false},"sensitive_attributes":[]}]},{"module":"module.alpha","mode":"managed","type":"random_string","name":"id","provider":"provider[\"registry.opentofu.org/hashicorp/random\"]","instances":[{"schema_version":2,"attributes":{"id":"u:nxYurq","keepers":{"uuid":"4487b74d-731a-b13f-bb43-ed2306de9438"},"length":8,"lower":true,"min_lower":0,"min_numeric":0,"min_special":0,"min_upper":0,"number":true,"numeric":true,"override_special":null,"result":"u:nxYurq","special":true,"upper":true},"sensitive_attributes":[]}]},{"module":"module.bravo","mode":"managed","type":"random_string","name":"id","provider":"provider[\"registry.opentofu.org/hashicorp/random\"]","instances":[{"schema_version":2,"attributes":{"id":"X!hsEZF=","keepers":{"uuid":"0f8c3da0-bc6d-4325-6e13-5a4b884249a5"},"length":8,"lower":true,"min_lower":0,"min_numeric":0,"min_special":0,"min_upper":0,"number":true,"numeric":true,"override_special":null,"result":"X!hsEZF=","special":true,"upper":true},"sensitive_attributes":[]}]},{"module":"module.charlie","mode":"managed","type":"random_string","name":"rando","provider":"provider[\"registry.opentofu.org/hashicorp/random\"]","instances":[{"schema_version":2,"attributes":{"id":"imtl2g","keepers":null,"length":6,"lower":true,"min_lower":0,"min_numeric":0,"min_special":0,"min_upper":0,"number":true,"numeric":true,"override_special":null,"result":"imtl2g","special":false,"upper":false},"sensitive_attributes":[]}]}],"check_results":[{"object_kind":"var","config_addr":"var.instance_count","status":"pass","objects":[{"object_addr":"var.instance_count","status":"pass"}]},{"object_kind":"var","config_addr":"var.application_name","status":"pass","objects":[{"object_addr":"var.application_name","status":"pass"}]}]}
