{"version":4,"terraform_version":"1.11.4","serial":1,"lineage":"a85e06bc-b729-f758-84d3-baa288fa6233","outputs":{"api_key":{"value":"prdelbar","type":"string","sensitive":true},"application_name":{"value":"marksblog","type":"string"},"environment_name":{"value":"test","type":"string"},"environment_prefix":{"value":"marksblog-test-2z0xk9","type":"string"},"kind":{"value":"P","type":"string"},"primary_region":{"value":"westus","type":"string"},"primary_region_instance_count":{"value":"4","type":"string"},"suffix":{"value":"2z0xk9","type":"string"}},"resources":[{"mode":"managed","type":"random_string","name":"suffix","provider":"provider[\"registry.opentofu.org/hashicorp/random\"]","instances":[{"schema_version":2,"attributes":{"id":"2z0xk9","keepers":null,"length":6,"lower":true,"min_lower":0,"min_numeric":0,"min_special":0,"min_upper":0,"number":true,"numeric":true,"override_special":null,"result":"2z0xk9","special":false,"upper":false},"sensitive_attributes":[]}]}],"check_results":[{"object_kind":"var","config_addr":"var.application_name","status":"pass","objects":[{"object_addr":"var.application_name","status":"pass"}]},{"object_kind":"var","config_addr":"var.instance_count","status":"pass","objects":[{"object_addr":"var.instance_count","status":"pass"}]}]}
