{"version":4,"terraform_version":"1.11.4","serial":2,"lineage":"2d2e8524-1a55-1b3e-4d59-b2fdaf964941","outputs":{"api_key":{"value":"prdelbar","type":"string","sensitive":true},"application_name":{"value":"marksblog","type":"string"},"environment_name":{"value":"dev","type":"string"},"environment_prefix":{"value":"marksblog-dev-3h5t73","type":"string"},"kind":{"value":"P","type":"string"},"primary_region":{"value":"westus","type":"string"},"primary_region_instance_count":{"value":"4","type":"string"},"suffix":{"value":"3h5t73","type":"string"}},"resources":[{"mode":"managed","type":"random_string","name":"suffix","provider":"provider[\"registry.opentofu.org/hashicorp/random\"]","instances":[{"schema_version":2,"attributes":{"id":"3h5t73","keepers":null,"length":6,"lower":true,"min_lower":0,"min_numeric":0,"min_special":0,"min_upper":0,"number":true,"numeric":true,"override_special":null,"result":"3h5t73","special":false,"upper":false},"sensitive_attributes":[]}]}],"check_results":[{"object_kind":"var","config_addr":"var.instance_count","status":"pass","objects":[{"object_addr":"var.instance_count","status":"pass"}]},{"object_kind":"var","config_addr":"var.application_name","status":"pass","objects":[{"object_addr":"var.application_name","status":"pass"}]}]}
